
Microsoft Visual Studio Solution File, Format Version 12.00
# Visual Studio Version 16
VisualStudioVersion = 25.0.1703.3
MinimumVisualStudioVersion = 10.0.40219.1
Project("{FAE04EC0-301F-11D3-BF4B-00C04F79EFBC}") = "06.Speed_info", "06.Speed_info\06.Speed_info.csproj", "{4A66B0CF-8C46-4E90-8AAD-85BAFE579B58}"
EndProject
Global
	GlobalSection(SolutionConfigurationPlatforms) = preSolution
		Debug|Any CPU = Debug|Any CPU
		Release|Any CPU = Release|Any CPU
	EndGlobalSection
	GlobalSection(ProjectConfigurationPlatforms) = postSolution
		{4A66B0CF-8C46-4E90-8AAD-85BAFE579B58}.Debug|Any CPU.ActiveCfg = Debug|Any CPU
		{4A66B0CF-8C46-4E90-8AAD-85BAFE579B58}.Debug|Any CPU.Build.0 = Debug|Any CPU
		{4A66B0CF-8C46-4E90-8AAD-85BAFE579B58}.Release|Any CPU.ActiveCfg = Release|Any CPU
		{4A66B0CF-8C46-4E90-8AAD-85BAFE579B58}.Release|Any CPU.Build.0 = Release|Any CPU
	EndGlobalSection
	GlobalSection(SolutionProperties) = preSolution
		HideSolutionNode = FALSE
	EndGlobalSection
	GlobalSection(ExtensibilityGlobals) = postSolution
		SolutionGuid = {54EDE629-CF2F-4163-91AB-D29C362BE644}
	EndGlobalSection
EndGlobal
