
Microsoft Visual Studio Solution File, Format Version 12.00
# Visual Studio Version 16
VisualStudioVersion = 25.0.1703.3
MinimumVisualStudioVersion = 10.0.40219.1
Project("{FAE04EC0-301F-11D3-BF4B-00C04F79EFBC}") = "04.Password_guess", "04.Password_guess\04.Password_guess.csproj", "{47CDF679-2C2C-4F1D-B904-06578AEB8B4E}"
EndProject
Global
	GlobalSection(SolutionConfigurationPlatforms) = preSolution
		Debug|Any CPU = Debug|Any CPU
		Release|Any CPU = Release|Any CPU
	EndGlobalSection
	GlobalSection(ProjectConfigurationPlatforms) = postSolution
		{47CDF679-2C2C-4F1D-B904-06578AEB8B4E}.Debug|Any CPU.ActiveCfg = Debug|Any CPU
		{47CDF679-2C2C-4F1D-B904-06578AEB8B4E}.Debug|Any CPU.Build.0 = Debug|Any CPU
		{47CDF679-2C2C-4F1D-B904-06578AEB8B4E}.Release|Any CPU.ActiveCfg = Release|Any CPU
		{47CDF679-2C2C-4F1D-B904-06578AEB8B4E}.Release|Any CPU.Build.0 = Release|Any CPU
	EndGlobalSection
	GlobalSection(SolutionProperties) = preSolution
		HideSolutionNode = FALSE
	EndGlobalSection
	GlobalSection(ExtensibilityGlobals) = postSolution
		SolutionGuid = {7FAC8E79-A35F-4AE7-BDEF-C56D3F17B97F}
	EndGlobalSection
EndGlobal
