
Microsoft Visual Studio Solution File, Format Version 12.00
# Visual Studio Version 16
VisualStudioVersion = 25.0.1703.3
MinimumVisualStudioVersion = 10.0.40219.1
Project("{FAE04EC0-301F-11D3-BF4B-00C04F79EFBC}") = "03.Even_or_odd", "03.Even_or_odd\03.Even_or_odd.csproj", "{80023B31-C61E-4534-A682-FA9ED7FBEC14}"
EndProject
Global
	GlobalSection(SolutionConfigurationPlatforms) = preSolution
		Debug|Any CPU = Debug|Any CPU
		Release|Any CPU = Release|Any CPU
	EndGlobalSection
	GlobalSection(ProjectConfigurationPlatforms) = postSolution
		{80023B31-C61E-4534-A682-FA9ED7FBEC14}.Debug|Any CPU.ActiveCfg = Debug|Any CPU
		{80023B31-C61E-4534-A682-FA9ED7FBEC14}.Debug|Any CPU.Build.0 = Debug|Any CPU
		{80023B31-C61E-4534-A682-FA9ED7FBEC14}.Release|Any CPU.ActiveCfg = Release|Any CPU
		{80023B31-C61E-4534-A682-FA9ED7FBEC14}.Release|Any CPU.Build.0 = Release|Any CPU
	EndGlobalSection
	GlobalSection(SolutionProperties) = preSolution
		HideSolutionNode = FALSE
	EndGlobalSection
	GlobalSection(ExtensibilityGlobals) = postSolution
		SolutionGuid = {25EF55AB-6FB5-438C-AD8F-DD8F74540D34}
	EndGlobalSection
EndGlobal
